// !$*UTF8*$!
{
	archiveVersion = 1;
	classes = {
	};
	objectVersion = 48;
	objects = {

/* Begin PBXBuildFile section */
		A46828C21FCECE1400105BF0 /* AppDelegate.swift in Sources */ = {isa = PBXBuildFile; fileRef = A46828C11FCECE1400105BF0 /* AppDelegate.swift */; };
		A46828C41FCECE1400105BF0 /* ViewController.swift in Sources */ = {isa = PBXBuildFile; fileRef = A46828C31FCECE1400105BF0 /* ViewController.swift */; };
		A46828C71FCECE1400105BF0 /* Main.storyboard in Resources */ = {isa = PBXBuildFile; fileRef = A46828C51FCECE1400105BF0 /* Main.storyboard */; };
		A46828CA1FCECE1400105BF0 /* RestaurantApp.xcdatamodeld in Sources */ = {isa = PBXBuildFile; fileRef = A46828C81FCECE1400105BF0 /* RestaurantApp.xcdatamodeld */; };
		A46828CC1FCECE1400105BF0 /* Assets.xcassets in Resources */ = {isa = PBXBuildFile; fileRef = A46828CB1FCECE1400105BF0 /* Assets.xcassets */; };
		A46828CF1FCECE1400105BF0 /* LaunchScreen.storyboard in Resources */ = {isa = PBXBuildFile; fileRef = A46828CD1FCECE1400105BF0 /* LaunchScreen.storyboard */; };
		A46828DA1FCECE1600105BF0 /* RestaurantAppTests.swift in Sources */ = {isa = PBXBuildFile; fileRef = A46828D91FCECE1600105BF0 /* RestaurantAppTests.swift */; };
/* End PBXBuildFile section */

/* Begin PBXContainerItemProxy section */
		A46828D61FCECE1600105BF0 /* PBXContainerItemProxy */ = {
			isa = PBXContainerItemProxy;
			containerPortal = A46828B61FCECE1200105BF0 /* Project object */;
			proxyType = 1;
			remoteGlobalIDString = A46828BD1FCECE1300105BF0;
			remoteInfo = RestaurantApp;
		};
/* End PBXContainerItemProxy section */

/* Begin PBXFileReference section */
		A46828BE1FCECE1400105BF0 /* RestaurantApp.app */ = {isa = PBXFileReference; explicitFileType = wrapper.application; includeInIndex = 0; path = RestaurantApp.app; sourceTree = BUILT_PRODUCTS_DIR; };
		A46828C11FCECE1400105BF0 /* AppDelegate.swift */ = {isa = PBXFileReference; lastKnownFileType = sourcecode.swift; path = AppDelegate.swift; sourceTree = "<group>"; };
		A46828C31FCECE1400105BF0 /* ViewController.swift */ = {isa = PBXFileReference; lastKnownFileType = sourcecode.swift; path = ViewController.swift; sourceTree = "<group>"; };
		A46828C61FCECE1400105BF0 /* Base */ = {isa = PBXFileReference; lastKnownFileType = file.storyboard; name = Base; path = Base.lproj/Main.storyboard; sourceTree = "<group>"; };
		A46828C91FCECE1400105BF0 /* RestaurantApp.xcdatamodel */ = {isa = PBXFileReference; lastKnownFileType = wrapper.xcdatamodel; path = RestaurantApp.xcdatamodel; sourceTree = "<group>"; };
		A46828CB1FCECE1400105BF0 /* Assets.xcassets */ = {isa = PBXFileReference; lastKnownFileType = folder.assetcatalog; path = Assets.xcassets; sourceTree = "<group>"; };
		A46828CE1FCECE1400105BF0 /* Base */ = {isa = PBXFileReference; lastKnownFileType = file.storyboard; name = Base; path = Base.lproj/LaunchScreen.storyboard; sourceTree = "<group>"; };
		A46828D01FCECE1400105BF0 /* Info.plist */ = {isa = PBXFileReference; lastKnownFileType = text.plist.xml; path = Info.plist; sourceTree = "<group>"; };
		A46828D51FCECE1600105BF0 /* RestaurantAppTests.xctest */ = {isa = PBXFileReference; explicitFileType = wrapper.cfbundle; includeInIndex = 0; path = RestaurantAppTests.xctest; sourceTree = BUILT_PRODUCTS_DIR; };
		A46828D91FCECE1600105BF0 /* RestaurantAppTests.swift */ = {isa = PBXFileReference; lastKnownFileType = sourcecode.swift; path = RestaurantAppTests.swift; sourceTree = "<group>"; };
		A46828DB1FCECE1600105BF0 /* Info.plist */ = {isa = PBXFileReference; lastKnownFileType = text.plist.xml; path = Info.plist; sourceTree = "<group>"; };
/* End PBXFileReference section */

/* Begin PBXFrameworksBuildPhase section */
		A46828BB1FCECE1300105BF0 /* Frameworks */ = {
			isa = PBXFrameworksBuildPhase;
			buildActionMask = 2147483647;
			files = (
			);
			runOnlyForDeploymentPostprocessing = 0;
		};
		A46828D21FCECE1600105BF0 /* Frameworks */ = {
			isa = PBXFrameworksBuildPhase;
			buildActionMask = 2147483647;
			files = (
			);
			runOnlyForDeploymentPostprocessing = 0;
		};
/* End PBXFrameworksBuildPhase section */

/* Begin PBXGroup section */
		A46828B51FCECE1200105BF0 = {
			isa = PBXGroup;
			children = (
				A46828C01FCECE1400105BF0 /* RestaurantApp */,
				A46828D81FCECE1600105BF0 /* RestaurantAppTests */,
				A46828BF1FCECE1400105BF0 /* Products */,
			);
			sourceTree = "<group>";
		};
		A46828BF1FCECE1400105BF0 /* Products */ = {
			isa = PBXGroup;
			children = (
				A46828BE1FCECE1400105BF0 /* RestaurantApp.app */,
				A46828D51FCECE1600105BF0 /* RestaurantAppTests.xctest */,
			);
			name = Products;
			sourceTree = "<group>";
		};
		A46828C01FCECE1400105BF0 /* RestaurantApp */ = {
			isa = PBXGroup;
			children = (
				A46828C11FCECE1400105BF0 /* AppDelegate.swift */,
				A46828C31FCECE1400105BF0 /* ViewController.swift */,
				A46828C51FCECE1400105BF0 /* Main.storyboard */,
				A46828CB1FCECE1400105BF0 /* Assets.xcassets */,
				A46828CD1FCECE1400105BF0 /* LaunchScreen.storyboard */,
				A46828D01FCECE1400105BF0 /* Info.plist */,
				A46828C81FCECE1400105BF0 /* RestaurantApp.xcdatamodeld */,
			);
			path = RestaurantApp;
			sourceTree = "<group>";
		};
		A46828D81FCECE1600105BF0 /* RestaurantAppTests */ = {
			isa = PBXGroup;
			children = (
				A46828D91FCECE1600105BF0 /* RestaurantAppTests.swift */,
				A46828DB1FCECE1600105BF0 /* Info.plist */,
			);
			path = RestaurantAppTests;
			sourceTree = "<group>";
		};
/* End PBXGroup section */

/* Begin PBXNativeTarget section */
		A46828BD1FCECE1300105BF0 /* RestaurantApp */ = {
			isa = PBXNativeTarget;
			buildConfigurationList = A46828DE1FCECE1600105BF0 /* Build configuration list for PBXNativeTarget "RestaurantApp" */;
			buildPhases = (
				A46828BA1FCECE1300105BF0 /* Sources */,
				A46828BB1FCECE1300105BF0 /* Frameworks */,
				A46828BC1FCECE1300105BF0 /* Resources */,
			);
			buildRules = (
			);
			dependencies = (
			);
			name = RestaurantApp;
			productName = RestaurantApp;
			productReference = A46828BE1FCECE1400105BF0 /* RestaurantApp.app */;
			productType = "com.apple.product-type.application";
		};
		A46828D41FCECE1600105BF0 /* RestaurantAppTests */ = {
			isa = PBXNativeTarget;
			buildConfigurationList = A46828E11FCECE1600105BF0 /* Build configuration list for PBXNativeTarget "RestaurantAppTests" */;
			buildPhases = (
				A46828D11FCECE1600105BF0 /* Sources */,
				A46828D21FCECE1600105BF0 /* Frameworks */,
				A46828D31FCECE1600105BF0 /* Resources */,
			);
			buildRules = (
			);
			dependencies = (
				A46828D71FCECE1600105BF0 /* PBXTargetDependency */,
			);
			name = RestaurantAppTests;
			productName = RestaurantAppTests;
			productReference = A46828D51FCECE1600105BF0 /* RestaurantAppTests.xctest */;
			productType = "com.apple.product-type.bundle.unit-test";
		};
/* End PBXNativeTarget section */

/* Begin PBXProject section */
		A46828B61FCECE1200105BF0 /* Project object */ = {
			isa = PBXProject;
			attributes = {
				LastSwiftUpdateCheck = 0900;
				LastUpgradeCheck = 0900;
				ORGANIZATIONNAME = "Rob Dekker";
				TargetAttributes = {
					A46828BD1FCECE1300105BF0 = {
						CreatedOnToolsVersion = 9.0.1;
						ProvisioningStyle = Automatic;
					};
					A46828D41FCECE1600105BF0 = {
						CreatedOnToolsVersion = 9.0.1;
						ProvisioningStyle = Automatic;
						TestTargetID = A46828BD1FCECE1300105BF0;
					};
				};
			};
			buildConfigurationList = A46828B91FCECE1200105BF0 /* Build configuration list for PBXProject "RestaurantApp" */;
			compatibilityVersion = "Xcode 8.0";
			developmentRegion = en;
			hasScannedForEncodings = 0;
			knownRegions = (
				en,
				Base,
			);
			mainGroup = A46828B51FCECE1200105BF0;
			productRefGroup = A46828BF1FCECE1400105BF0 /* Products */;
			projectDirPath = "";
			projectRoot = "";
			targets = (
				A46828BD1FCECE1300105BF0 /* RestaurantApp */,
				A46828D41FCECE1600105BF0 /* RestaurantAppTests */,
			);
		};
/* End PBXProject section */

/* Begin PBXResourcesBuildPhase section */
		A46828BC1FCECE1300105BF0 /* Resources */ = {
			isa = PBXResourcesBuildPhase;
			buildActionMask = 2147483647;
			files = (
				A46828CF1FCECE1400105BF0 /* LaunchScreen.storyboard in Resources */,
				A46828CC1FCECE1400105BF0 /* Assets.xcassets in Resources */,
				A46828C71FCECE1400105BF0 /* Main.storyboard in Resources */,
			);
			runOnlyForDeploymentPostprocessing = 0;
		};
		A46828D31FCECE1600105BF0 /* Resources */ = {
			isa = PBXResourcesBuildPhase;
			buildActionMask = 2147483647;
			files = (
			);
			runOnlyForDeploymentPostprocessing = 0;
		};
/* End PBXResourcesBuildPhase section */

/* Begin PBXSourcesBuildPhase section */
		A46828BA1FCECE1300105BF0 /* Sources */ = {
			isa = PBXSourcesBuildPhase;
			buildActionMask = 2147483647;
			files = (
				A46828C41FCECE1400105BF0 /* ViewController.swift in Sources */,
				A46828C21FCECE1400105BF0 /* AppDelegate.swift in Sources */,
				A46828CA1FCECE1400105BF0 /* RestaurantApp.xcdatamodeld in Sources */,
			);
			runOnlyForDeploymentPostprocessing = 0;
		};
		A46828D11FCECE1600105BF0 /* Sources */ = {
			isa = PBXSourcesBuildPhase;
			buildActionMask = 2147483647;
			files = (
				A46828DA1FCECE1600105BF0 /* RestaurantAppTests.swift in Sources */,
			);
			runOnlyForDeploymentPostprocessing = 0;
		};
/* End PBXSourcesBuildPhase section */

/* Begin PBXTargetDependency section */
		A46828D71FCECE1600105BF0 /* PBXTargetDependency */ = {
			isa = PBXTargetDependency;
			target = A46828BD1FCECE1300105BF0 /* RestaurantApp */;
			targetProxy = A46828D61FCECE1600105BF0 /* PBXContainerItemProxy */;
		};
/* End PBXTargetDependency section */

/* Begin PBXVariantGroup section */
		A46828C51FCECE1400105BF0 /* Main.storyboard */ = {
			isa = PBXVariantGroup;
			children = (
				A46828C61FCECE1400105BF0 /* Base */,
			);
			name = Main.storyboard;
			sourceTree = "<group>";
		};
		A46828CD1FCECE1400105BF0 /* LaunchScreen.storyboard */ = {
			isa = PBXVariantGroup;
			children = (
				A46828CE1FCECE1400105BF0 /* Base */,
			);
			name = LaunchScreen.storyboard;
			sourceTree = "<group>";
		};
/* End PBXVariantGroup section */

/* Begin XCBuildConfiguration section */
		A46828DC1FCECE1600105BF0 /* Debug */ = {
			isa = XCBuildConfiguration;
			buildSettings = {
				ALWAYS_SEARCH_USER_PATHS = NO;
				CLANG_ANALYZER_NONNULL = YES;
				CLANG_ANALYZER_NUMBER_OBJECT_CONVERSION = YES_AGGRESSIVE;
				CLANG_CXX_LANGUAGE_STANDARD = "gnu++14";
				CLANG_CXX_LIBRARY = "libc++";
				CLANG_ENABLE_MODULES = YES;
				CLANG_ENABLE_OBJC_ARC = YES;
				CLANG_WARN_BLOCK_CAPTURE_AUTORELEASING = YES;
				CLANG_WARN_BOOL_CONVERSION = YES;
				CLANG_WARN_COMMA = YES;
				CLANG_WARN_CONSTANT_CONVERSION = YES;
				CLANG_WARN_DIRECT_OBJC_ISA_USAGE = YES_ERROR;
				CLANG_WARN_DOCUMENTATION_COMMENTS = YES;
				CLANG_WARN_EMPTY_BODY = YES;
				CLANG_WARN_ENUM_CONVERSION = YES;
				CLANG_WARN_INFINITE_RECURSION = YES;
				CLANG_WARN_INT_CONVERSION = YES;
				CLANG_WARN_NON_LITERAL_NULL_CONVERSION = YES;
				CLANG_WARN_OBJC_LITERAL_CONVERSION = YES;
				CLANG_WARN_OBJC_ROOT_CLASS = YES_ERROR;
				CLANG_WARN_RANGE_LOOP_ANALYSIS = YES;
				CLANG_WARN_STRICT_PROTOTYPES = YES;
				CLANG_WARN_SUSPICIOUS_MOVE = YES;
				CLANG_WARN_UNGUARDED_AVAILABILITY = YES_AGGRESSIVE;
				CLANG_WARN_UNREACHABLE_CODE = YES;
				CLANG_WARN__DUPLICATE_METHOD_MATCH = YES;
				CODE_SIGN_IDENTITY = "iPhone Developer";
				COPY_PHASE_STRIP = NO;
				DEBUG_INFORMATION_FORMAT = dwarf;
				ENABLE_STRICT_OBJC_MSGSEND = YES;
				ENABLE_TESTABILITY = YES;
				GCC_C_LANGUAGE_STANDARD = gnu11;
				GCC_DYNAMIC_NO_PIC = NO;
				GCC_NO_COMMON_BLOCKS = YES;
				GCC_OPTIMIZATION_LEVEL = 0;
				GCC_PREPROCESSOR_DEFINITIONS = (
					"DEBUG=1",
					"$(inherited)",
				);
				GCC_WARN_64_TO_32_BIT_CONVERSION = YES;
				GCC_WARN_ABOUT_RETURN_TYPE = YES_ERROR;
				GCC_WARN_UNDECLARED_SELECTOR = YES;
				GCC_WARN_UNINITIALIZED_AUTOS = YES_AGGRESSIVE;
				GCC_WARN_UNUSED_FUNCTION = YES;
				GCC_WARN_UNUSED_VARIABLE = YES;
				IPHONEOS_DEPLOYMENT_TARGET = 11.0;
				MTL_ENABLE_DEBUG_INFO = YES;
				ONLY_ACTIVE_ARCH = YES;
				SDKROOT = iphoneos;
				SWIFT_ACTIVE_COMPILATION_CONDITIONS = DEBUG;
				SWIFT_OPTIMIZATION_LEVEL = "-Onone";
			};
			name = Debug;
		};
		A46828DD1FCECE1600105BF0 /* Release */ = {
			isa = XCBuildConfiguration;
			buildSettings = {
				ALWAYS_SEARCH_USER_PATHS = NO;
				CLANG_ANALYZER_NONNULL = YES;
				CLANG_ANALYZER_NUMBER_OBJECT_CONVERSION = YES_AGGRESSIVE;
				CLANG_CXX_LANGUAGE_STANDARD = "gnu++14";
				CLANG_CXX_LIBRARY = "libc++";
				CLANG_ENABLE_MODULES = YES;
				CLANG_ENABLE_OBJC_ARC = YES;
				CLANG_WARN_BLOCK_CAPTURE_AUTORELEASING = YES;
				CLANG_WARN_BOOL_CONVERSION = YES;
				CLANG_WARN_COMMA = YES;
				CLANG_WARN_CONSTANT_CONVERSION = YES;
				CLANG_WARN_DIRECT_OBJC_ISA_USAGE = YES_ERROR;
				CLANG_WARN_DOCUMENTATION_COMMENTS = YES;
				CLANG_WARN_EMPTY_BODY = YES;
				CLANG_WARN_ENUM_CONVERSION = YES;
				CLANG_WARN_INFINITE_RECURSION = YES;
				CLANG_WARN_INT_CONVERSION = YES;
				CLANG_WARN_NON_LITERAL_NULL_CONVERSION = YES;
				CLANG_WARN_OBJC_LITERAL_CONVERSION = YES;
				CLANG_WARN_OBJC_ROOT_CLASS = YES_ERROR;
				CLANG_WARN_RANGE_LOOP_ANALYSIS = YES;
				CLANG_WARN_STRICT_PROTOTYPES = YES;
				CLANG_WARN_SUSPICIOUS_MOVE = YES;
				CLANG_WARN_UNGUARDED_AVAILABILITY = YES_AGGRESSIVE;
				CLANG_WARN_UNREACHABLE_CODE = YES;
				CLANG_WARN__DUPLICATE_METHOD_MATCH = YES;
				CODE_SIGN_IDENTITY = "iPhone Developer";
				COPY_PHASE_STRIP = NO;
				DEBUG_INFORMATION_FORMAT = "dwarf-with-dsym";
				ENABLE_NS_ASSERTIONS = NO;
				ENABLE_STRICT_OBJC_MSGSEND = YES;
				GCC_C_LANGUAGE_STANDARD = gnu11;
				GCC_NO_COMMON_BLOCKS = YES;
				GCC_WARN_64_TO_32_BIT_CONVERSION = YES;
				GCC_WARN_ABOUT_RETURN_TYPE = YES_ERROR;
				GCC_WARN_UNDECLARED_SELECTOR = YES;
				GCC_WARN_UNINITIALIZED_AUTOS = YES_AGGRESSIVE;
				GCC_WARN_UNUSED_FUNCTION = YES;
				GCC_WARN_UNUSED_VARIABLE = YES;
				IPHONEOS_DEPLOYMENT_TARGET = 11.0;
				MTL_ENABLE_DEBUG_INFO = NO;
				SDKROOT = iphoneos;
				SWIFT_OPTIMIZATION_LEVEL = "-Owholemodule";
				VALIDATE_PRODUCT = YES;
			};
			name = Release;
		};
		A46828DF1FCECE1600105BF0 /* Debug */ = {
			isa = XCBuildConfiguration;
			buildSettings = {
				ASSETCATALOG_COMPILER_APPICON_NAME = AppIcon;
				CODE_SIGN_STYLE = Automatic;
				DEVELOPMENT_TEAM = N8D27KM92G;
				INFOPLIST_FILE = RestaurantApp/Info.plist;
				IPHONEOS_DEPLOYMENT_TARGET = 10.3;
				LD_RUNPATH_SEARCH_PATHS = "$(inherited) @executable_path/Frameworks";
				PRODUCT_BUNDLE_IDENTIFIER = com.uniek.RestaurantApp;
				PRODUCT_NAME = "$(TARGET_NAME)";
				SWIFT_VERSION = 4.0;
				TARGETED_DEVICE_FAMILY = "1,2";
			};
			name = Debug;
		};
		A46828E01FCECE1600105BF0 /* Release */ = {
			isa = XCBuildConfiguration;
			buildSettings = {
				ASSETCATALOG_COMPILER_APPICON_NAME = AppIcon;
				CODE_SIGN_STYLE = Automatic;
				DEVELOPMENT_TEAM = N8D27KM92G;
				INFOPLIST_FILE = RestaurantApp/Info.plist;
				IPHONEOS_DEPLOYMENT_TARGET = 10.3;
				LD_RUNPATH_SEARCH_PATHS = "$(inherited) @executable_path/Frameworks";
				PRODUCT_BUNDLE_IDENTIFIER = com.uniek.RestaurantApp;
				PRODUCT_NAME = "$(TARGET_NAME)";
				SWIFT_VERSION = 4.0;
				TARGETED_DEVICE_FAMILY = "1,2";
			};
			name = Release;
		};
		A46828E21FCECE1600105BF0 /* Debug */ = {
			isa = XCBuildConfiguration;
			buildSettings = {
				ALWAYS_EMBED_SWIFT_STANDARD_LIBRARIES = YES;
				BUNDLE_LOADER = "$(TEST_HOST)";
				CODE_SIGN_STYLE = Automatic;
				DEVELOPMENT_TEAM = N8D27KM92G;
				INFOPLIST_FILE = RestaurantAppTests/Info.plist;
				LD_RUNPATH_SEARCH_PATHS = "$(inherited) @executable_path/Frameworks @loader_path/Frameworks";
				PRODUCT_BUNDLE_IDENTIFIER = com.uniek.RestaurantAppTests;
				PRODUCT_NAME = "$(TARGET_NAME)";
				SWIFT_VERSION = 4.0;
				TARGETED_DEVICE_FAMILY = "1,2";
				TEST_HOST = "$(BUILT_PRODUCTS_DIR)/RestaurantApp.app/RestaurantApp";
			};
			name = Debug;
		};
		A46828E31FCECE1600105BF0 /* Release */ = {
			isa = XCBuildConfiguration;
			buildSettings = {
				ALWAYS_EMBED_SWIFT_STANDARD_LIBRARIES = YES;
				BUNDLE_LOADER = "$(TEST_HOST)";
				CODE_SIGN_STYLE = Automatic;
				DEVELOPMENT_TEAM = N8D27KM92G;
				INFOPLIST_FILE = RestaurantAppTests/Info.plist;
				LD_RUNPATH_SEARCH_PATHS = "$(inherited) @executable_path/Frameworks @loader_path/Frameworks";
				PRODUCT_BUNDLE_IDENTIFIER = com.uniek.RestaurantAppTests;
				PRODUCT_NAME = "$(TARGET_NAME)";
				SWIFT_VERSION = 4.0;
				TARGETED_DEVICE_FAMILY = "1,2";
				TEST_HOST = "$(BUILT_PRODUCTS_DIR)/RestaurantApp.app/RestaurantApp";
			};
			name = Release;
		};
/* End XCBuildConfiguration section */

/* Begin XCConfigurationList section */
		A46828B91FCECE1200105BF0 /* Build configuration list for PBXProject "RestaurantApp" */ = {
			isa = XCConfigurationList;
			buildConfigurations = (
				A46828DC1FCECE1600105BF0 /* Debug */,
				A46828DD1FCECE1600105BF0 /* Release */,
			);
			defaultConfigurationIsVisible = 0;
			defaultConfigurationName = Release;
		};
		A46828DE1FCECE1600105BF0 /* Build configuration list for PBXNativeTarget "RestaurantApp" */ = {
			isa = XCConfigurationList;
			buildConfigurations = (
				A46828DF1FCECE1600105BF0 /* Debug */,
				A46828E01FCECE1600105BF0 /* Release */,
			);
			defaultConfigurationIsVisible = 0;
			defaultConfigurationName = Release;
		};
		A46828E11FCECE1600105BF0 /* Build configuration list for PBXNativeTarget "RestaurantAppTests" */ = {
			isa = XCConfigurationList;
			buildConfigurations = (
				A46828E21FCECE1600105BF0 /* Debug */,
				A46828E31FCECE1600105BF0 /* Release */,
			);
			defaultConfigurationIsVisible = 0;
			defaultConfigurationName = Release;
		};
/* End XCConfigurationList section */

/* Begin XCVersionGroup section */
		A46828C81FCECE1400105BF0 /* RestaurantApp.xcdatamodeld */ = {
			isa = XCVersionGroup;
			children = (
				A46828C91FCECE1400105BF0 /* RestaurantApp.xcdatamodel */,
			);
			currentVersion = A46828C91FCECE1400105BF0 /* RestaurantApp.xcdatamodel */;
			path = RestaurantApp.xcdatamodeld;
			sourceTree = "<group>";
			versionGroupType = wrapper.xcdatamodel;
		};
/* End XCVersionGroup section */
	};
	rootObject = A46828B61FCECE1200105BF0 /* Project object */;
}
